
Microsoft Visual Studio Solution File, Format Version 12.00
# Visual Studio Version 17
VisualStudioVersion = 17.4.33205.214
MinimumVisualStudioVersion = 10.0.40219.1
Project("{FAE04EC0-301F-11D3-BF4B-00C04F79EFBC}") = "Course-Project", "Course-Project\Course-Project.csproj", "{3649ED00-53E8-438A-BCF8-C7ED84BC07C5}"
EndProject
Project("{FAE04EC0-301F-11D3-BF4B-00C04F79EFBC}") = "Course-Project.Dal", "Course-Project.Dal\Course-Project.Dal.csproj", "{DCCDDF97-D0AE-4902-A204-F297DA8EA850}"
EndProject
Project("{FAE04EC0-301F-11D3-BF4B-00C04F79EFBC}") = "Course-Project.Domain", "Course-Project.Domain\Course-Project.Domain.csproj", "{5A936C8E-E1EB-40C6-9AC5-4B03B2AEF516}"
EndProject
Project("{FAE04EC0-301F-11D3-BF4B-00C04F79EFBC}") = "Course-Project.Service", "Course-Project.Service\Course-Project.Service.csproj", "{13285FED-170A-4B30-B6A7-D4480198CFB6}"
EndProject
Project("{FAE04EC0-301F-11D3-BF4B-00C04F79EFBC}") = "Course-Project.Shared", "Course-Project.Shared\Course-Project.Shared.csproj", "{7A89F079-37B3-4038-9DAE-E92599BDC41D}"
EndProject
Global
	GlobalSection(SolutionConfigurationPlatforms) = preSolution
		Debug|Any CPU = Debug|Any CPU
		Release|Any CPU = Release|Any CPU
	EndGlobalSection
	GlobalSection(ProjectConfigurationPlatforms) = postSolution
		{3649ED00-53E8-438A-BCF8-C7ED84BC07C5}.Debug|Any CPU.ActiveCfg = Debug|Any CPU
		{3649ED00-53E8-438A-BCF8-C7ED84BC07C5}.Debug|Any CPU.Build.0 = Debug|Any CPU
		{3649ED00-53E8-438A-BCF8-C7ED84BC07C5}.Release|Any CPU.ActiveCfg = Release|Any CPU
		{3649ED00-53E8-438A-BCF8-C7ED84BC07C5}.Release|Any CPU.Build.0 = Release|Any CPU
		{DCCDDF97-D0AE-4902-A204-F297DA8EA850}.Debug|Any CPU.ActiveCfg = Debug|Any CPU
		{DCCDDF97-D0AE-4902-A204-F297DA8EA850}.Debug|Any CPU.Build.0 = Debug|Any CPU
		{DCCDDF97-D0AE-4902-A204-F297DA8EA850}.Release|Any CPU.ActiveCfg = Release|Any CPU
		{DCCDDF97-D0AE-4902-A204-F297DA8EA850}.Release|Any CPU.Build.0 = Release|Any CPU
		{5A936C8E-E1EB-40C6-9AC5-4B03B2AEF516}.Debug|Any CPU.ActiveCfg = Debug|Any CPU
		{5A936C8E-E1EB-40C6-9AC5-4B03B2AEF516}.Debug|Any CPU.Build.0 = Debug|Any CPU
		{5A936C8E-E1EB-40C6-9AC5-4B03B2AEF516}.Release|Any CPU.ActiveCfg = Release|Any CPU
		{5A936C8E-E1EB-40C6-9AC5-4B03B2AEF516}.Release|Any CPU.Build.0 = Release|Any CPU
		{13285FED-170A-4B30-B6A7-D4480198CFB6}.Debug|Any CPU.ActiveCfg = Debug|Any CPU
		{13285FED-170A-4B30-B6A7-D4480198CFB6}.Debug|Any CPU.Build.0 = Debug|Any CPU
		{13285FED-170A-4B30-B6A7-D4480198CFB6}.Release|Any CPU.ActiveCfg = Release|Any CPU
		{13285FED-170A-4B30-B6A7-D4480198CFB6}.Release|Any CPU.Build.0 = Release|Any CPU
		{7A89F079-37B3-4038-9DAE-E92599BDC41D}.Debug|Any CPU.ActiveCfg = Debug|Any CPU
		{7A89F079-37B3-4038-9DAE-E92599BDC41D}.Debug|Any CPU.Build.0 = Debug|Any CPU
		{7A89F079-37B3-4038-9DAE-E92599BDC41D}.Release|Any CPU.ActiveCfg = Release|Any CPU
		{7A89F079-37B3-4038-9DAE-E92599BDC41D}.Release|Any CPU.Build.0 = Release|Any CPU
	EndGlobalSection
	GlobalSection(SolutionProperties) = preSolution
		HideSolutionNode = FALSE
	EndGlobalSection
	GlobalSection(ExtensibilityGlobals) = postSolution
		SolutionGuid = {057B5371-658F-4DC8-A58D-1D2429248E70}
	EndGlobalSection
EndGlobal
